{
    "_readme": [
        "This file locks the dependencies of your project to a known state",
        "Read more about it at https://getcomposer.org/doc/01-basic-usage.md#composer-lock-the-lock-file",
        "This file is @generated automatically"
    ],
    "hash": "a6b51e6ab62923735a8b3293f877d059",
    "content-hash": "62b76ab5c7643ce8bf09b168f6dfd5df",
    "packages": [
        {
            "name": "wikisource/google-cloud-vision-php",
            "version": "dev-master",
            "source": {
                "type": "git",
                "url": "https://github.com/wikisource/google-cloud-vision-php.git",
                "reference": "34c01f1bbcb1d047b04c1f5421218f5202cb0940"
            },
            "dist": {
                "type": "zip",
                "url": "https://api.github.com/repos/wikisource/google-cloud-vision-php/zipball/34c01f1bbcb1d047b04c1f5421218f5202cb0940",
                "reference": "34c01f1bbcb1d047b04c1f5421218f5202cb0940",
                "shasum": ""
            },
            "require-dev": {
                "phpunit/phpunit": "~5.5"
            },
            "type": "library",
            "autoload": {
                "psr-4": {
                    "Wikisource\\GoogleCloudVisionPHP\\": "src",
                    "Wikisource\\GoogleCloudVisionPHP\\Tests\\": "tests"
                }
            },
            "license": [
                "GPL-3.0+"
            ],
            "authors": [
                {
                    "name": "Warat Wongmaneekit",
                    "email": "canopybanj@gmail.com"
                },
                {
                    "name": "Sam Wilson",
                    "email": "sam@samwilson.id.au"
                }
            ],
            "support": {
                "source": "https://github.com/wikisource/google-cloud-vision-php/tree/master",
                "issues": "https://github.com/wikisource/google-cloud-vision-php/issues"
            },
            "time": "2016-09-02 06:24:59"
        }
    ],
    "packages-dev": [],
    "aliases": [],
    "minimum-stability": "stable",
    "stability-flags": {
        "wikisource/google-cloud-vision-php": 20
    },
    "prefer-stable": false,
    "prefer-lowest": false,
    "platform": [],
    "platform-dev": []
}
