{
    "_readme": [
        "This file locks the dependencies of your project to a known state",
        "Read more about it at https://getcomposer.org/doc/01-basic-usage.md#composer-lock-the-lock-file",
        "This file is @generated automatically"
    ],
    "hash": "6a8b720763a1f635ee989492d224a839",
    "content-hash": "0c12489405b0ab832cf513396cc37cd0",
    "packages": [
        {
            "name": "wikisource/google-cloud-vision-php",
            "version": "1.1.5",
            "source": {
                "type": "git",
                "url": "https://github.com/wikisource/google-cloud-vision-php.git",
                "reference": "f155bffeb304b8a9b2e7940efb008916bfedf1d6"
            },
            "dist": {
                "type": "zip",
                "url": "https://api.github.com/repos/wikisource/google-cloud-vision-php/zipball/f155bffeb304b8a9b2e7940efb008916bfedf1d6",
                "reference": "f155bffeb304b8a9b2e7940efb008916bfedf1d6",
                "shasum": ""
            },
            "require": {
                "ext-curl": "*"
            },
            "require-dev": {
                "ext-gd": "*",
                "phpunit/phpunit": "~5.5",
                "squizlabs/php_codesniffer": "~2.0"
            },
            "type": "library",
            "autoload": {
                "psr-4": {
                    "Wikisource\\GoogleCloudVisionPHP\\": "src",
                    "Wikisource\\GoogleCloudVisionPHP\\Tests\\": "tests"
                }
            },
            "notification-url": "https://packagist.org/downloads/",
            "license": [
                "GPL-3.0+"
            ],
            "authors": [
                {
                    "name": "Warat Wongmaneekit",
                    "email": "canopybanj@gmail.com"
                },
                {
                    "name": "Sam Wilson",
                    "email": "sam@samwilson.id.au",
                    "homepage": "https://samwilson.id.au/"
                }
            ],
            "description": "A PHP interface to Google's Cloud Vision API.",
            "homepage": "https://github.com/wikisource/google-cloud-vision-php",
            "keywords": [
                "OCR",
                "apis",
                "google",
                "images",
                "transcribing",
                "vision"
            ],
            "time": "2016-09-06 06:31:57"
        }
    ],
    "packages-dev": [],
    "aliases": [],
    "minimum-stability": "stable",
    "stability-flags": [],
    "prefer-stable": false,
    "prefer-lowest": false,
    "platform": [],
    "platform-dev": []
}
